
Microsoft Visual Studio Solution File, Format Version 12.00
# Visual Studio Version 16
VisualStudioVersion = 16.0.29728.190
MinimumVisualStudioVersion = 10.0.40219.1
Project("{FAE04EC0-301F-11D3-BF4B-00C04F79EFBC}") = "RocksmithFontGenerator", "RocksmithFontGenerator\RocksmithFontGenerator.csproj", "{75CFEA17-B2F8-4439-98ED-7A3CCB1F1AAE}"
EndProject
Project("{FAE04EC0-301F-11D3-BF4B-00C04F79EFBC}") = "FontGeneratorCLI", "FontGeneratorCLI\FontGeneratorCLI.csproj", "{BE625472-F9D3-4802-A9BE-42CD9F4BCA6E}"
EndProject
Global
	GlobalSection(SolutionConfigurationPlatforms) = preSolution
		Debug|Any CPU = Debug|Any CPU
		Release|Any CPU = Release|Any CPU
	EndGlobalSection
	GlobalSection(ProjectConfigurationPlatforms) = postSolution
		{75CFEA17-B2F8-4439-98ED-7A3CCB1F1AAE}.Debug|Any CPU.ActiveCfg = Debug|Any CPU
		{75CFEA17-B2F8-4439-98ED-7A3CCB1F1AAE}.Debug|Any CPU.Build.0 = Debug|Any CPU
		{75CFEA17-B2F8-4439-98ED-7A3CCB1F1AAE}.Release|Any CPU.ActiveCfg = Release|Any CPU
		{75CFEA17-B2F8-4439-98ED-7A3CCB1F1AAE}.Release|Any CPU.Build.0 = Release|Any CPU
		{BE625472-F9D3-4802-A9BE-42CD9F4BCA6E}.Debug|Any CPU.ActiveCfg = Debug|Any CPU
		{BE625472-F9D3-4802-A9BE-42CD9F4BCA6E}.Debug|Any CPU.Build.0 = Debug|Any CPU
		{BE625472-F9D3-4802-A9BE-42CD9F4BCA6E}.Release|Any CPU.ActiveCfg = Release|Any CPU
		{BE625472-F9D3-4802-A9BE-42CD9F4BCA6E}.Release|Any CPU.Build.0 = Release|Any CPU
	EndGlobalSection
	GlobalSection(SolutionProperties) = preSolution
		HideSolutionNode = FALSE
	EndGlobalSection
	GlobalSection(ExtensibilityGlobals) = postSolution
		SolutionGuid = {B90277B6-6068-44FD-9B3A-34BA85CC1FC0}
	EndGlobalSection
EndGlobal
